
Microsoft Visual Studio Solution File, Format Version 12.00
# Visual Studio Version 17
VisualStudioVersion = 17.6.33829.357
MinimumVisualStudioVersion = 10.0.40219.1
Project("{FAE04EC0-301F-11D3-BF4B-00C04F79EFBC}") = "SuperHeroApi", "SuperHeroApi\SuperHeroApi.csproj", "{BB7DD2AE-EBF0-432E-B050-60BF68DA72BE}"
EndProject
Global
	GlobalSection(SolutionConfigurationPlatforms) = preSolution
		Debug|Any CPU = Debug|Any CPU
		Release|Any CPU = Release|Any CPU
	EndGlobalSection
	GlobalSection(ProjectConfigurationPlatforms) = postSolution
		{BB7DD2AE-EBF0-432E-B050-60BF68DA72BE}.Debug|Any CPU.ActiveCfg = Debug|Any CPU
		{BB7DD2AE-EBF0-432E-B050-60BF68DA72BE}.Debug|Any CPU.Build.0 = Debug|Any CPU
		{BB7DD2AE-EBF0-432E-B050-60BF68DA72BE}.Release|Any CPU.ActiveCfg = Release|Any CPU
		{BB7DD2AE-EBF0-432E-B050-60BF68DA72BE}.Release|Any CPU.Build.0 = Release|Any CPU
	EndGlobalSection
	GlobalSection(SolutionProperties) = preSolution
		HideSolutionNode = FALSE
	EndGlobalSection
	GlobalSection(ExtensibilityGlobals) = postSolution
		SolutionGuid = {B8F2DC75-8CB9-4D76-950F-21E90D7E324F}
	EndGlobalSection
EndGlobal
